
Microsoft Visual Studio Solution File, Format Version 12.00
# Visual Studio Version 17
VisualStudioVersion = 17.3.32811.315
MinimumVisualStudioVersion = 10.0.40219.1
Project("{FAE04EC0-301F-11D3-BF4B-00C04F79EFBC}") = "zanke2", "zanke2\zanke2.csproj", "{E404A13B-7164-48CC-BEBA-F61B9FD711B9}"
EndProject
Global
	GlobalSection(SolutionConfigurationPlatforms) = preSolution
		Debug|Any CPU = Debug|Any CPU
		Release|Any CPU = Release|Any CPU
	EndGlobalSection
	GlobalSection(ProjectConfigurationPlatforms) = postSolution
		{E404A13B-7164-48CC-BEBA-F61B9FD711B9}.Debug|Any CPU.ActiveCfg = Debug|Any CPU
		{E404A13B-7164-48CC-BEBA-F61B9FD711B9}.Debug|Any CPU.Build.0 = Debug|Any CPU
		{E404A13B-7164-48CC-BEBA-F61B9FD711B9}.Release|Any CPU.ActiveCfg = Release|Any CPU
		{E404A13B-7164-48CC-BEBA-F61B9FD711B9}.Release|Any CPU.Build.0 = Release|Any CPU
	EndGlobalSection
	GlobalSection(SolutionProperties) = preSolution
		HideSolutionNode = FALSE
	EndGlobalSection
	GlobalSection(ExtensibilityGlobals) = postSolution
		SolutionGuid = {053FF1F2-0EE1-41F3-87C6-A5590EE781E7}
	EndGlobalSection
EndGlobal
