
Microsoft Visual Studio Solution File, Format Version 12.00
# Visual Studio Version 17
VisualStudioVersion = 17.3.32811.315
MinimumVisualStudioVersion = 10.0.40219.1
Project("{FAE04EC0-301F-11D3-BF4B-00C04F79EFBC}") = "Izpit2", "Izpit2\Izpit2.csproj", "{95F1D1C6-04BD-42F5-9381-0ED463FFC866}"
EndProject
Global
	GlobalSection(SolutionConfigurationPlatforms) = preSolution
		Debug|Any CPU = Debug|Any CPU
		Release|Any CPU = Release|Any CPU
	EndGlobalSection
	GlobalSection(ProjectConfigurationPlatforms) = postSolution
		{95F1D1C6-04BD-42F5-9381-0ED463FFC866}.Debug|Any CPU.ActiveCfg = Debug|Any CPU
		{95F1D1C6-04BD-42F5-9381-0ED463FFC866}.Debug|Any CPU.Build.0 = Debug|Any CPU
		{95F1D1C6-04BD-42F5-9381-0ED463FFC866}.Release|Any CPU.ActiveCfg = Release|Any CPU
		{95F1D1C6-04BD-42F5-9381-0ED463FFC866}.Release|Any CPU.Build.0 = Release|Any CPU
	EndGlobalSection
	GlobalSection(SolutionProperties) = preSolution
		HideSolutionNode = FALSE
	EndGlobalSection
	GlobalSection(ExtensibilityGlobals) = postSolution
		SolutionGuid = {F3E50BE1-8E8B-41C4-9AD3-41A41FA0E270}
	EndGlobalSection
EndGlobal
