using System;
using System.Collections.Generic;
using System.Linq;
using System.Text;
using System.Threading.Tasks;

namespace tabele2d
{
    internal class Program
    {
        static void Main(string[] args)
        {
            int[,] a =
            {
                {82,91,73 },
                {80,65,88 },
                {64,56,33 },
                {80,85,81 }
            };
            //izpis
            for(int vrstica = 0; vrstica < 4; vrstica++)
            {
                for(int stolpec = 0; stolpec < 3; stolpec++)
                {
                    Console.Write(a[vrstica,stolpec]+"\t");
                }//po vsaki izpisani vrstici pojdi v novo vrstico
                Console.WriteLine();
            }
            Console.ReadLine();
        }
    }
}
