
Microsoft Visual Studio Solution File, Format Version 12.00
# Visual Studio Version 17
VisualStudioVersion = 17.3.32811.315
MinimumVisualStudioVersion = 10.0.40219.1
Project("{FAE04EC0-301F-11D3-BF4B-00C04F79EFBC}") = "WindowsFormsApp7", "WindowsFormsApp7\WindowsFormsApp7.csproj", "{944A9320-78AA-49A6-992A-3F7C7E9E09D4}"
EndProject
Global
	GlobalSection(SolutionConfigurationPlatforms) = preSolution
		Debug|Any CPU = Debug|Any CPU
		Release|Any CPU = Release|Any CPU
	EndGlobalSection
	GlobalSection(ProjectConfigurationPlatforms) = postSolution
		{944A9320-78AA-49A6-992A-3F7C7E9E09D4}.Debug|Any CPU.ActiveCfg = Debug|Any CPU
		{944A9320-78AA-49A6-992A-3F7C7E9E09D4}.Debug|Any CPU.Build.0 = Debug|Any CPU
		{944A9320-78AA-49A6-992A-3F7C7E9E09D4}.Release|Any CPU.ActiveCfg = Release|Any CPU
		{944A9320-78AA-49A6-992A-3F7C7E9E09D4}.Release|Any CPU.Build.0 = Release|Any CPU
	EndGlobalSection
	GlobalSection(SolutionProperties) = preSolution
		HideSolutionNode = FALSE
	EndGlobalSection
	GlobalSection(ExtensibilityGlobals) = postSolution
		SolutionGuid = {B4CDCBD7-8578-4DD6-8628-7C5F5C287FA1}
	EndGlobalSection
EndGlobal
