
Microsoft Visual Studio Solution File, Format Version 12.00
# Visual Studio Version 17
VisualStudioVersion = 17.3.32811.315
MinimumVisualStudioVersion = 10.0.40219.1
Project("{FAE04EC0-301F-11D3-BF4B-00C04F79EFBC}") = "WindowsFormsApp2", "WindowsFormsApp2\WindowsFormsApp2.csproj", "{CEAD6F7A-83A8-48E2-9EB0-CCE4E3933DF7}"
EndProject
Global
	GlobalSection(SolutionConfigurationPlatforms) = preSolution
		Debug|Any CPU = Debug|Any CPU
		Release|Any CPU = Release|Any CPU
	EndGlobalSection
	GlobalSection(ProjectConfigurationPlatforms) = postSolution
		{CEAD6F7A-83A8-48E2-9EB0-CCE4E3933DF7}.Debug|Any CPU.ActiveCfg = Debug|Any CPU
		{CEAD6F7A-83A8-48E2-9EB0-CCE4E3933DF7}.Debug|Any CPU.Build.0 = Debug|Any CPU
		{CEAD6F7A-83A8-48E2-9EB0-CCE4E3933DF7}.Release|Any CPU.ActiveCfg = Release|Any CPU
		{CEAD6F7A-83A8-48E2-9EB0-CCE4E3933DF7}.Release|Any CPU.Build.0 = Release|Any CPU
	EndGlobalSection
	GlobalSection(SolutionProperties) = preSolution
		HideSolutionNode = FALSE
	EndGlobalSection
	GlobalSection(ExtensibilityGlobals) = postSolution
		SolutionGuid = {C93E8113-29E9-4B5E-B189-A4910D1D2CBB}
	EndGlobalSection
EndGlobal
