
Microsoft Visual Studio Solution File, Format Version 12.00
# Visual Studio Version 17
VisualStudioVersion = 17.3.32811.315
MinimumVisualStudioVersion = 10.0.40219.1
Project("{FAE04EC0-301F-11D3-BF4B-00C04F79EFBC}") = "Liki2.0", "Liki2.0\Liki2.0.csproj", "{A789B9F4-6D44-46C0-BC08-FA34411FA486}"
EndProject
Global
	GlobalSection(SolutionConfigurationPlatforms) = preSolution
		Debug|Any CPU = Debug|Any CPU
		Release|Any CPU = Release|Any CPU
	EndGlobalSection
	GlobalSection(ProjectConfigurationPlatforms) = postSolution
		{A789B9F4-6D44-46C0-BC08-FA34411FA486}.Debug|Any CPU.ActiveCfg = Debug|Any CPU
		{A789B9F4-6D44-46C0-BC08-FA34411FA486}.Debug|Any CPU.Build.0 = Debug|Any CPU
		{A789B9F4-6D44-46C0-BC08-FA34411FA486}.Release|Any CPU.ActiveCfg = Release|Any CPU
		{A789B9F4-6D44-46C0-BC08-FA34411FA486}.Release|Any CPU.Build.0 = Release|Any CPU
	EndGlobalSection
	GlobalSection(SolutionProperties) = preSolution
		HideSolutionNode = FALSE
	EndGlobalSection
	GlobalSection(ExtensibilityGlobals) = postSolution
		SolutionGuid = {FF947CB7-B73F-47D6-A995-18559B44CCCE}
	EndGlobalSection
EndGlobal
