
Microsoft Visual Studio Solution File, Format Version 12.00
# Visual Studio Version 17
VisualStudioVersion = 17.3.32811.315
MinimumVisualStudioVersion = 10.0.40219.1
Project("{FAE04EC0-301F-11D3-BF4B-00C04F79EFBC}") = "VajaTabele", "VajaTabele\VajaTabele.csproj", "{4C4D1B1C-BCD7-4EA9-B310-EB1B14BA881D}"
EndProject
Global
	GlobalSection(SolutionConfigurationPlatforms) = preSolution
		Debug|Any CPU = Debug|Any CPU
		Release|Any CPU = Release|Any CPU
	EndGlobalSection
	GlobalSection(ProjectConfigurationPlatforms) = postSolution
		{4C4D1B1C-BCD7-4EA9-B310-EB1B14BA881D}.Debug|Any CPU.ActiveCfg = Debug|Any CPU
		{4C4D1B1C-BCD7-4EA9-B310-EB1B14BA881D}.Debug|Any CPU.Build.0 = Debug|Any CPU
		{4C4D1B1C-BCD7-4EA9-B310-EB1B14BA881D}.Release|Any CPU.ActiveCfg = Release|Any CPU
		{4C4D1B1C-BCD7-4EA9-B310-EB1B14BA881D}.Release|Any CPU.Build.0 = Release|Any CPU
	EndGlobalSection
	GlobalSection(SolutionProperties) = preSolution
		HideSolutionNode = FALSE
	EndGlobalSection
	GlobalSection(ExtensibilityGlobals) = postSolution
		SolutionGuid = {186D7C86-FE8F-4B69-993B-84580A6715BD}
	EndGlobalSection
EndGlobal
