
Microsoft Visual Studio Solution File, Format Version 12.00
# Visual Studio Version 17
VisualStudioVersion = 17.3.32811.315
MinimumVisualStudioVersion = 10.0.40219.1
Project("{FAE04EC0-301F-11D3-BF4B-00C04F79EFBC}") = "WpfApp4", "WpfApp4\WpfApp4.csproj", "{FE7CBC45-F8C5-4138-8D60-A68339188924}"
EndProject
Global
	GlobalSection(SolutionConfigurationPlatforms) = preSolution
		Debug|Any CPU = Debug|Any CPU
		Release|Any CPU = Release|Any CPU
	EndGlobalSection
	GlobalSection(ProjectConfigurationPlatforms) = postSolution
		{FE7CBC45-F8C5-4138-8D60-A68339188924}.Debug|Any CPU.ActiveCfg = Debug|Any CPU
		{FE7CBC45-F8C5-4138-8D60-A68339188924}.Debug|Any CPU.Build.0 = Debug|Any CPU
		{FE7CBC45-F8C5-4138-8D60-A68339188924}.Release|Any CPU.ActiveCfg = Release|Any CPU
		{FE7CBC45-F8C5-4138-8D60-A68339188924}.Release|Any CPU.Build.0 = Release|Any CPU
	EndGlobalSection
	GlobalSection(SolutionProperties) = preSolution
		HideSolutionNode = FALSE
	EndGlobalSection
	GlobalSection(ExtensibilityGlobals) = postSolution
		SolutionGuid = {D470FC1F-3C93-4AC7-B5FB-2EA3475DD040}
	EndGlobalSection
EndGlobal
