
Microsoft Visual Studio Solution File, Format Version 12.00
# Visual Studio Version 17
VisualStudioVersion = 17.3.32811.315
MinimumVisualStudioVersion = 10.0.40219.1
Project("{FAE04EC0-301F-11D3-BF4B-00C04F79EFBC}") = "VajaIzpit2", "VajaIzpit2\VajaIzpit2.csproj", "{A1017A9F-3F81-409B-BF46-3D43D010174B}"
EndProject
Global
	GlobalSection(SolutionConfigurationPlatforms) = preSolution
		Debug|Any CPU = Debug|Any CPU
		Release|Any CPU = Release|Any CPU
	EndGlobalSection
	GlobalSection(ProjectConfigurationPlatforms) = postSolution
		{A1017A9F-3F81-409B-BF46-3D43D010174B}.Debug|Any CPU.ActiveCfg = Debug|Any CPU
		{A1017A9F-3F81-409B-BF46-3D43D010174B}.Debug|Any CPU.Build.0 = Debug|Any CPU
		{A1017A9F-3F81-409B-BF46-3D43D010174B}.Release|Any CPU.ActiveCfg = Release|Any CPU
		{A1017A9F-3F81-409B-BF46-3D43D010174B}.Release|Any CPU.Build.0 = Release|Any CPU
	EndGlobalSection
	GlobalSection(SolutionProperties) = preSolution
		HideSolutionNode = FALSE
	EndGlobalSection
	GlobalSection(ExtensibilityGlobals) = postSolution
		SolutionGuid = {03038B30-AA5E-40AB-AC50-BB6D44C0B2EC}
	EndGlobalSection
EndGlobal
