
Microsoft Visual Studio Solution File, Format Version 12.00
# Visual Studio Version 17
VisualStudioVersion = 17.3.32811.315
MinimumVisualStudioVersion = 10.0.40219.1
Project("{FAE04EC0-301F-11D3-BF4B-00C04F79EFBC}") = "VajaZaIzpit1", "VajaZaIzpit1\VajaZaIzpit1.csproj", "{406720EE-70BF-4920-B0F4-0688C34823A6}"
EndProject
Global
	GlobalSection(SolutionConfigurationPlatforms) = preSolution
		Debug|Any CPU = Debug|Any CPU
		Release|Any CPU = Release|Any CPU
	EndGlobalSection
	GlobalSection(ProjectConfigurationPlatforms) = postSolution
		{406720EE-70BF-4920-B0F4-0688C34823A6}.Debug|Any CPU.ActiveCfg = Debug|Any CPU
		{406720EE-70BF-4920-B0F4-0688C34823A6}.Debug|Any CPU.Build.0 = Debug|Any CPU
		{406720EE-70BF-4920-B0F4-0688C34823A6}.Release|Any CPU.ActiveCfg = Release|Any CPU
		{406720EE-70BF-4920-B0F4-0688C34823A6}.Release|Any CPU.Build.0 = Release|Any CPU
	EndGlobalSection
	GlobalSection(SolutionProperties) = preSolution
		HideSolutionNode = FALSE
	EndGlobalSection
	GlobalSection(ExtensibilityGlobals) = postSolution
		SolutionGuid = {9ECA3FF7-FFBF-499D-9ED2-8171654B7B4B}
	EndGlobalSection
EndGlobal
